// !$*UTF8*$!
{
	archiveVersion = 1;
	classes = {
	};
	objectVersion = 50;
	objects = {

/* Begin PBXBuildFile section */
		66563A6B25E0590000FABF34 /* AppDelegate.swift in Sources */ = {isa = PBXBuildFile; fileRef = 66563A6A25E0590000FABF34 /* AppDelegate.swift */; };
		66563A6D25E0590000FABF34 /* SceneDelegate.swift in Sources */ = {isa = PBXBuildFile; fileRef = 66563A6C25E0590000FABF34 /* SceneDelegate.swift */; };
		66563A7225E0590000FABF34 /* Main.storyboard in Resources */ = {isa = PBXBuildFile; fileRef = 66563A7025E0590000FABF34 /* Main.storyboard */; };
		66563A7425E0590100FABF34 /* Assets.xcassets in Resources */ = {isa = PBXBuildFile; fileRef = 66563A7325E0590100FABF34 /* Assets.xcassets */; };
		66563A7725E0590100FABF34 /* LaunchScreen.storyboard in Resources */ = {isa = PBXBuildFile; fileRef = 66563A7525E0590100FABF34 /* LaunchScreen.storyboard */; };
		66563A8225E059B700FABF34 /* MainTabbarController.swift in Sources */ = {isa = PBXBuildFile; fileRef = 66563A8125E059B700FABF34 /* MainTabbarController.swift */; };
		66563A8625E05B6800FABF34 /* PhotosViewController.swift in Sources */ = {isa = PBXBuildFile; fileRef = 66563A8525E05B6800FABF34 /* PhotosViewController.swift */; };
		66563A8925E067B100FABF34 /* FavoritesViewController.swift in Sources */ = {isa = PBXBuildFile; fileRef = 66563A8825E067B100FABF34 /* FavoritesViewController.swift */; };
/* End PBXBuildFile section */

/* Begin PBXFileReference section */
		66563A6725E0590000FABF34 /* UnsplashGallery.app */ = {isa = PBXFileReference; explicitFileType = wrapper.application; includeInIndex = 0; path = UnsplashGallery.app; sourceTree = BUILT_PRODUCTS_DIR; };
		66563A6A25E0590000FABF34 /* AppDelegate.swift */ = {isa = PBXFileReference; lastKnownFileType = sourcecode.swift; path = AppDelegate.swift; sourceTree = "<group>"; };
		66563A6C25E0590000FABF34 /* SceneDelegate.swift */ = {isa = PBXFileReference; lastKnownFileType = sourcecode.swift; path = SceneDelegate.swift; sourceTree = "<group>"; };
		66563A7125E0590000FABF34 /* Base */ = {isa = PBXFileReference; lastKnownFileType = file.storyboard; name = Base; path = Base.lproj/Main.storyboard; sourceTree = "<group>"; };
		66563A7325E0590100FABF34 /* Assets.xcassets */ = {isa = PBXFileReference; lastKnownFileType = folder.assetcatalog; path = Assets.xcassets; sourceTree = "<group>"; };
		66563A7625E0590100FABF34 /* Base */ = {isa = PBXFileReference; lastKnownFileType = file.storyboard; name = Base; path = Base.lproj/LaunchScreen.storyboard; sourceTree = "<group>"; };
		66563A7825E0590100FABF34 /* Info.plist */ = {isa = PBXFileReference; lastKnownFileType = text.plist.xml; path = Info.plist; sourceTree = "<group>"; };
		66563A8125E059B700FABF34 /* MainTabbarController.swift */ = {isa = PBXFileReference; lastKnownFileType = sourcecode.swift; path = MainTabbarController.swift; sourceTree = "<group>"; };
		66563A8525E05B6800FABF34 /* PhotosViewController.swift */ = {isa = PBXFileReference; lastKnownFileType = sourcecode.swift; path = PhotosViewController.swift; sourceTree = "<group>"; };
		66563A8825E067B100FABF34 /* FavoritesViewController.swift */ = {isa = PBXFileReference; lastKnownFileType = sourcecode.swift; path = FavoritesViewController.swift; sourceTree = "<group>"; };
/* End PBXFileReference section */

/* Begin PBXFrameworksBuildPhase section */
		66563A6425E0590000FABF34 /* Frameworks */ = {
			isa = PBXFrameworksBuildPhase;
			buildActionMask = 2147483647;
			files = (
			);
			runOnlyForDeploymentPostprocessing = 0;
		};
/* End PBXFrameworksBuildPhase section */

/* Begin PBXGroup section */
		662BCB7325E16FFB00AB91E1 /* Controllers */ = {
			isa = PBXGroup;
			children = (
				66563A8125E059B700FABF34 /* MainTabbarController.swift */,
				66563A8525E05B6800FABF34 /* PhotosViewController.swift */,
				66563A8825E067B100FABF34 /* FavoritesViewController.swift */,
			);
			path = Controllers;
			sourceTree = "<group>";
		};
		66563A5E25E0590000FABF34 = {
			isa = PBXGroup;
			children = (
				66563A6925E0590000FABF34 /* UnsplashGallery */,
				66563A6825E0590000FABF34 /* Products */,
			);
			sourceTree = "<group>";
		};
		66563A6825E0590000FABF34 /* Products */ = {
			isa = PBXGroup;
			children = (
				66563A6725E0590000FABF34 /* UnsplashGallery.app */,
			);
			name = Products;
			sourceTree = "<group>";
		};
		66563A6925E0590000FABF34 /* UnsplashGallery */ = {
			isa = PBXGroup;
			children = (
				66563A6A25E0590000FABF34 /* AppDelegate.swift */,
				66563A6C25E0590000FABF34 /* SceneDelegate.swift */,
				662BCB7325E16FFB00AB91E1 /* Controllers */,
				66563A7025E0590000FABF34 /* Main.storyboard */,
				66563A7325E0590100FABF34 /* Assets.xcassets */,
				66563A7525E0590100FABF34 /* LaunchScreen.storyboard */,
				66563A7825E0590100FABF34 /* Info.plist */,
			);
			path = UnsplashGallery;
			sourceTree = "<group>";
		};
/* End PBXGroup section */

/* Begin PBXNativeTarget section */
		66563A6625E0590000FABF34 /* UnsplashGallery */ = {
			isa = PBXNativeTarget;
			buildConfigurationList = 66563A7B25E0590100FABF34 /* Build configuration list for PBXNativeTarget "UnsplashGallery" */;
			buildPhases = (
				66563A6325E0590000FABF34 /* Sources */,
				66563A6425E0590000FABF34 /* Frameworks */,
				66563A6525E0590000FABF34 /* Resources */,
			);
			buildRules = (
			);
			dependencies = (
			);
			name = UnsplashGallery;
			productName = UnsplashGallery;
			productReference = 66563A6725E0590000FABF34 /* UnsplashGallery.app */;
			productType = "com.apple.product-type.application";
		};
/* End PBXNativeTarget section */

/* Begin PBXProject section */
		66563A5F25E0590000FABF34 /* Project object */ = {
			isa = PBXProject;
			attributes = {
				LastSwiftUpdateCheck = 1240;
				LastUpgradeCheck = 1240;
				TargetAttributes = {
					66563A6625E0590000FABF34 = {
						CreatedOnToolsVersion = 12.4;
					};
				};
			};
			buildConfigurationList = 66563A6225E0590000FABF34 /* Build configuration list for PBXProject "UnsplashGallery" */;
			compatibilityVersion = "Xcode 9.3";
			developmentRegion = en;
			hasScannedForEncodings = 0;
			knownRegions = (
				en,
				Base,
			);
			mainGroup = 66563A5E25E0590000FABF34;
			productRefGroup = 66563A6825E0590000FABF34 /* Products */;
			projectDirPath = "";
			projectRoot = "";
			targets = (
				66563A6625E0590000FABF34 /* UnsplashGallery */,
			);
		};
/* End PBXProject section */

/* Begin PBXResourcesBuildPhase section */
		66563A6525E0590000FABF34 /* Resources */ = {
			isa = PBXResourcesBuildPhase;
			buildActionMask = 2147483647;
			files = (
				66563A7725E0590100FABF34 /* LaunchScreen.storyboard in Resources */,
				66563A7425E0590100FABF34 /* Assets.xcassets in Resources */,
				66563A7225E0590000FABF34 /* Main.storyboard in Resources */,
			);
			runOnlyForDeploymentPostprocessing = 0;
		};
/* End PBXResourcesBuildPhase section */

/* Begin PBXSourcesBuildPhase section */
		66563A6325E0590000FABF34 /* Sources */ = {
			isa = PBXSourcesBuildPhase;
			buildActionMask = 2147483647;
			files = (
				66563A6B25E0590000FABF34 /* AppDelegate.swift in Sources */,
				66563A8225E059B700FABF34 /* MainTabbarController.swift in Sources */,
				66563A6D25E0590000FABF34 /* SceneDelegate.swift in Sources */,
				66563A8925E067B100FABF34 /* FavoritesViewController.swift in Sources */,
				66563A8625E05B6800FABF34 /* PhotosViewController.swift in Sources */,
			);
			runOnlyForDeploymentPostprocessing = 0;
		};
/* End PBXSourcesBuildPhase section */

/* Begin PBXVariantGroup section */
		66563A7025E0590000FABF34 /* Main.storyboard */ = {
			isa = PBXVariantGroup;
			children = (
				66563A7125E0590000FABF34 /* Base */,
			);
			name = Main.storyboard;
			sourceTree = "<group>";
		};
		66563A7525E0590100FABF34 /* LaunchScreen.storyboard */ = {
			isa = PBXVariantGroup;
			children = (
				66563A7625E0590100FABF34 /* Base */,
			);
			name = LaunchScreen.storyboard;
			sourceTree = "<group>";
		};
/* End PBXVariantGroup section */

/* Begin XCBuildConfiguration section */
		66563A7925E0590100FABF34 /* Debug */ = {
			isa = XCBuildConfiguration;
			buildSettings = {
				ALWAYS_SEARCH_USER_PATHS = NO;
				CLANG_ANALYZER_NONNULL = YES;
				CLANG_ANALYZER_NUMBER_OBJECT_CONVERSION = YES_AGGRESSIVE;
				CLANG_CXX_LANGUAGE_STANDARD = "gnu++14";
				CLANG_CXX_LIBRARY = "libc++";
				CLANG_ENABLE_MODULES = YES;
				CLANG_ENABLE_OBJC_ARC = YES;
				CLANG_ENABLE_OBJC_WEAK = YES;
				CLANG_WARN_BLOCK_CAPTURE_AUTORELEASING = YES;
				CLANG_WARN_BOOL_CONVERSION = YES;
				CLANG_WARN_COMMA = YES;
				CLANG_WARN_CONSTANT_CONVERSION = YES;
				CLANG_WARN_DEPRECATED_OBJC_IMPLEMENTATIONS = YES;
				CLANG_WARN_DIRECT_OBJC_ISA_USAGE = YES_ERROR;
				CLANG_WARN_DOCUMENTATION_COMMENTS = YES;
				CLANG_WARN_EMPTY_BODY = YES;
				CLANG_WARN_ENUM_CONVERSION = YES;
				CLANG_WARN_INFINITE_RECURSION = YES;
				CLANG_WARN_INT_CONVERSION = YES;
				CLANG_WARN_NON_LITERAL_NULL_CONVERSION = YES;
				CLANG_WARN_OBJC_IMPLICIT_RETAIN_SELF = YES;
				CLANG_WARN_OBJC_LITERAL_CONVERSION = YES;
				CLANG_WARN_OBJC_ROOT_CLASS = YES_ERROR;
				CLANG_WARN_QUOTED_INCLUDE_IN_FRAMEWORK_HEADER = YES;
				CLANG_WARN_RANGE_LOOP_ANALYSIS = YES;
				CLANG_WARN_STRICT_PROTOTYPES = YES;
				CLANG_WARN_SUSPICIOUS_MOVE = YES;
				CLANG_WARN_UNGUARDED_AVAILABILITY = YES_AGGRESSIVE;
				CLANG_WARN_UNREACHABLE_CODE = YES;
				CLANG_WARN__DUPLICATE_METHOD_MATCH = YES;
				COPY_PHASE_STRIP = NO;
				DEBUG_INFORMATION_FORMAT = dwarf;
				ENABLE_STRICT_OBJC_MSGSEND = YES;
				ENABLE_TESTABILITY = YES;
				GCC_C_LANGUAGE_STANDARD = gnu11;
				GCC_DYNAMIC_NO_PIC = NO;
				GCC_NO_COMMON_BLOCKS = YES;
				GCC_OPTIMIZATION_LEVEL = 0;
				GCC_PREPROCESSOR_DEFINITIONS = (
					"DEBUG=1",
					"$(inherited)",
				);
				GCC_WARN_64_TO_32_BIT_CONVERSION = YES;
				GCC_WARN_ABOUT_RETURN_TYPE = YES_ERROR;
				GCC_WARN_UNDECLARED_SELECTOR = YES;
				GCC_WARN_UNINITIALIZED_AUTOS = YES_AGGRESSIVE;
				GCC_WARN_UNUSED_FUNCTION = YES;
				GCC_WARN_UNUSED_VARIABLE = YES;
				IPHONEOS_DEPLOYMENT_TARGET = 14.4;
				MTL_ENABLE_DEBUG_INFO = INCLUDE_SOURCE;
				MTL_FAST_MATH = YES;
				ONLY_ACTIVE_ARCH = YES;
				SDKROOT = iphoneos;
				SWIFT_ACTIVE_COMPILATION_CONDITIONS = DEBUG;
				SWIFT_OPTIMIZATION_LEVEL = "-Onone";
			};
			name = Debug;
		};
		66563A7A25E0590100FABF34 /* Release */ = {
			isa = XCBuildConfiguration;
			buildSettings = {
				ALWAYS_SEARCH_USER_PATHS = NO;
				CLANG_ANALYZER_NONNULL = YES;
				CLANG_ANALYZER_NUMBER_OBJECT_CONVERSION = YES_AGGRESSIVE;
				CLANG_CXX_LANGUAGE_STANDARD = "gnu++14";
				CLANG_CXX_LIBRARY = "libc++";
				CLANG_ENABLE_MODULES = YES;
				CLANG_ENABLE_OBJC_ARC = YES;
				CLANG_ENABLE_OBJC_WEAK = YES;
				CLANG_WARN_BLOCK_CAPTURE_AUTORELEASING = YES;
				CLANG_WARN_BOOL_CONVERSION = YES;
				CLANG_WARN_COMMA = YES;
				CLANG_WARN_CONSTANT_CONVERSION = YES;
				CLANG_WARN_DEPRECATED_OBJC_IMPLEMENTATIONS = YES;
				CLANG_WARN_DIRECT_OBJC_ISA_USAGE = YES_ERROR;
				CLANG_WARN_DOCUMENTATION_COMMENTS = YES;
				CLANG_WARN_EMPTY_BODY = YES;
				CLANG_WARN_ENUM_CONVERSION = YES;
				CLANG_WARN_INFINITE_RECURSION = YES;
				CLANG_WARN_INT_CONVERSION = YES;
				CLANG_WARN_NON_LITERAL_NULL_CONVERSION = YES;
				CLANG_WARN_OBJC_IMPLICIT_RETAIN_SELF = YES;
				CLANG_WARN_OBJC_LITERAL_CONVERSION = YES;
				CLANG_WARN_OBJC_ROOT_CLASS = YES_ERROR;
				CLANG_WARN_QUOTED_INCLUDE_IN_FRAMEWORK_HEADER = YES;
				CLANG_WARN_RANGE_LOOP_ANALYSIS = YES;
				CLANG_WARN_STRICT_PROTOTYPES = YES;
				CLANG_WARN_SUSPICIOUS_MOVE = YES;
				CLANG_WARN_UNGUARDED_AVAILABILITY = YES_AGGRESSIVE;
				CLANG_WARN_UNREACHABLE_CODE = YES;
				CLANG_WARN__DUPLICATE_METHOD_MATCH = YES;
				COPY_PHASE_STRIP = NO;
				DEBUG_INFORMATION_FORMAT = "dwarf-with-dsym";
				ENABLE_NS_ASSERTIONS = NO;
				ENABLE_STRICT_OBJC_MSGSEND = YES;
				GCC_C_LANGUAGE_STANDARD = gnu11;
				GCC_NO_COMMON_BLOCKS = YES;
				GCC_WARN_64_TO_32_BIT_CONVERSION = YES;
				GCC_WARN_ABOUT_RETURN_TYPE = YES_ERROR;
				GCC_WARN_UNDECLARED_SELECTOR = YES;
				GCC_WARN_UNINITIALIZED_AUTOS = YES_AGGRESSIVE;
				GCC_WARN_UNUSED_FUNCTION = YES;
				GCC_WARN_UNUSED_VARIABLE = YES;
				IPHONEOS_DEPLOYMENT_TARGET = 14.4;
				MTL_ENABLE_DEBUG_INFO = NO;
				MTL_FAST_MATH = YES;
				SDKROOT = iphoneos;
				SWIFT_COMPILATION_MODE = wholemodule;
				SWIFT_OPTIMIZATION_LEVEL = "-O";
				VALIDATE_PRODUCT = YES;
			};
			name = Release;
		};
		66563A7C25E0590100FABF34 /* Debug */ = {
			isa = XCBuildConfiguration;
			buildSettings = {
				ASSETCATALOG_COMPILER_APPICON_NAME = AppIcon;
				ASSETCATALOG_COMPILER_GLOBAL_ACCENT_COLOR_NAME = AccentColor;
				CODE_SIGN_STYLE = Automatic;
				DEVELOPMENT_TEAM = 5GWB2H668N;
				INFOPLIST_FILE = UnsplashGallery/Info.plist;
				IPHONEOS_DEPLOYMENT_TARGET = 13.0;
				LD_RUNPATH_SEARCH_PATHS = (
					"$(inherited)",
					"@executable_path/Frameworks",
				);
				PRODUCT_BUNDLE_IDENTIFIER = ru.zamprog.UnsplashGallery;
				PRODUCT_NAME = "$(TARGET_NAME)";
				SWIFT_VERSION = 5.0;
				TARGETED_DEVICE_FAMILY = 1;
			};
			name = Debug;
		};
		66563A7D25E0590100FABF34 /* Release */ = {
			isa = XCBuildConfiguration;
			buildSettings = {
				ASSETCATALOG_COMPILER_APPICON_NAME = AppIcon;
				ASSETCATALOG_COMPILER_GLOBAL_ACCENT_COLOR_NAME = AccentColor;
				CODE_SIGN_STYLE = Automatic;
				DEVELOPMENT_TEAM = 5GWB2H668N;
				INFOPLIST_FILE = UnsplashGallery/Info.plist;
				IPHONEOS_DEPLOYMENT_TARGET = 13.0;
				LD_RUNPATH_SEARCH_PATHS = (
					"$(inherited)",
					"@executable_path/Frameworks",
				);
				PRODUCT_BUNDLE_IDENTIFIER = ru.zamprog.UnsplashGallery;
				PRODUCT_NAME = "$(TARGET_NAME)";
				SWIFT_VERSION = 5.0;
				TARGETED_DEVICE_FAMILY = 1;
			};
			name = Release;
		};
/* End XCBuildConfiguration section */

/* Begin XCConfigurationList section */
		66563A6225E0590000FABF34 /* Build configuration list for PBXProject "UnsplashGallery" */ = {
			isa = XCConfigurationList;
			buildConfigurations = (
				66563A7925E0590100FABF34 /* Debug */,
				66563A7A25E0590100FABF34 /* Release */,
			);
			defaultConfigurationIsVisible = 0;
			defaultConfigurationName = Release;
		};
		66563A7B25E0590100FABF34 /* Build configuration list for PBXNativeTarget "UnsplashGallery" */ = {
			isa = XCConfigurationList;
			buildConfigurations = (
				66563A7C25E0590100FABF34 /* Debug */,
				66563A7D25E0590100FABF34 /* Release */,
			);
			defaultConfigurationIsVisible = 0;
			defaultConfigurationName = Release;
		};
/* End XCConfigurationList section */
	};
	rootObject = 66563A5F25E0590000FABF34 /* Project object */;
}
